
Microsoft Visual Studio Solution File, Format Version 12.00
# Visual Studio 15
VisualStudioVersion = 15.0.27703.2042
MinimumVisualStudioVersion = 10.0.40219.1
Project("{FAE04EC0-301F-11D3-BF4B-00C04F79EFBC}") = "BeehooeDataService.API", "BeehooeDataService.API\BeehooeDataService.API.csproj", "{7A8965E6-3C2B-4239-93FF-1945454698BC}"
EndProject
Project("{FAE04EC0-301F-11D3-BF4B-00C04F79EFBC}") = "BeehooeDataService.Model", "BeehooeDataService.Model\BeehooeDataService.Model.csproj", "{2AA49C8E-8BF2-4800-AC37-E63984350A54}"
EndProject
Project("{FAE04EC0-301F-11D3-BF4B-00C04F79EFBC}") = "BeehooeDataService.Domain", "BeehooeDataService.Domain\BeehooeDataService.Domain.csproj", "{822AA0CA-5EE8-4F02-A6DB-E8C95177AECD}"
EndProject
Project("{FAE04EC0-301F-11D3-BF4B-00C04F79EFBC}") = "BeehooeDataService.Test", "BeehooeDataService.Test\BeehooeDataService.Test.csproj", "{E2F23CB2-094E-4544-A2BB-B09E8EF48FDE}"
EndProject
Project("{FAE04EC0-301F-11D3-BF4B-00C04F79EFBC}") = "BeehooeDataService.Business", "BeehooeDataService.Business\BeehooeDataService.Business.csproj", "{6E7DE11F-BA81-4E7D-9D30-D1508A459091}"
EndProject
Project("{FAE04EC0-301F-11D3-BF4B-00C04F79EFBC}") = "BeehooeDataService.Infrastructure", "BeehooeDataService.Infrastructure\BeehooeDataService.Infrastructure.csproj", "{881F13C2-52DA-4DDD-B393-5458578D875F}"
EndProject
Global
	GlobalSection(SolutionConfigurationPlatforms) = preSolution
		Debug|Any CPU = Debug|Any CPU
		Release|Any CPU = Release|Any CPU
	EndGlobalSection
	GlobalSection(ProjectConfigurationPlatforms) = postSolution
		{7A8965E6-3C2B-4239-93FF-1945454698BC}.Debug|Any CPU.ActiveCfg = Debug|Any CPU
		{7A8965E6-3C2B-4239-93FF-1945454698BC}.Debug|Any CPU.Build.0 = Debug|Any CPU
		{7A8965E6-3C2B-4239-93FF-1945454698BC}.Release|Any CPU.ActiveCfg = Release|Any CPU
		{7A8965E6-3C2B-4239-93FF-1945454698BC}.Release|Any CPU.Build.0 = Release|Any CPU
		{2AA49C8E-8BF2-4800-AC37-E63984350A54}.Debug|Any CPU.ActiveCfg = Debug|Any CPU
		{2AA49C8E-8BF2-4800-AC37-E63984350A54}.Debug|Any CPU.Build.0 = Debug|Any CPU
		{2AA49C8E-8BF2-4800-AC37-E63984350A54}.Release|Any CPU.ActiveCfg = Release|Any CPU
		{2AA49C8E-8BF2-4800-AC37-E63984350A54}.Release|Any CPU.Build.0 = Release|Any CPU
		{822AA0CA-5EE8-4F02-A6DB-E8C95177AECD}.Debug|Any CPU.ActiveCfg = Debug|Any CPU
		{822AA0CA-5EE8-4F02-A6DB-E8C95177AECD}.Debug|Any CPU.Build.0 = Debug|Any CPU
		{822AA0CA-5EE8-4F02-A6DB-E8C95177AECD}.Release|Any CPU.ActiveCfg = Release|Any CPU
		{822AA0CA-5EE8-4F02-A6DB-E8C95177AECD}.Release|Any CPU.Build.0 = Release|Any CPU
		{E2F23CB2-094E-4544-A2BB-B09E8EF48FDE}.Debug|Any CPU.ActiveCfg = Debug|Any CPU
		{E2F23CB2-094E-4544-A2BB-B09E8EF48FDE}.Debug|Any CPU.Build.0 = Debug|Any CPU
		{E2F23CB2-094E-4544-A2BB-B09E8EF48FDE}.Release|Any CPU.ActiveCfg = Release|Any CPU
		{E2F23CB2-094E-4544-A2BB-B09E8EF48FDE}.Release|Any CPU.Build.0 = Release|Any CPU
		{6E7DE11F-BA81-4E7D-9D30-D1508A459091}.Debug|Any CPU.ActiveCfg = Debug|Any CPU
		{6E7DE11F-BA81-4E7D-9D30-D1508A459091}.Debug|Any CPU.Build.0 = Debug|Any CPU
		{6E7DE11F-BA81-4E7D-9D30-D1508A459091}.Release|Any CPU.ActiveCfg = Release|Any CPU
		{6E7DE11F-BA81-4E7D-9D30-D1508A459091}.Release|Any CPU.Build.0 = Release|Any CPU
		{881F13C2-52DA-4DDD-B393-5458578D875F}.Debug|Any CPU.ActiveCfg = Debug|Any CPU
		{881F13C2-52DA-4DDD-B393-5458578D875F}.Debug|Any CPU.Build.0 = Debug|Any CPU
		{881F13C2-52DA-4DDD-B393-5458578D875F}.Release|Any CPU.ActiveCfg = Release|Any CPU
		{881F13C2-52DA-4DDD-B393-5458578D875F}.Release|Any CPU.Build.0 = Release|Any CPU
	EndGlobalSection
	GlobalSection(SolutionProperties) = preSolution
		HideSolutionNode = FALSE
	EndGlobalSection
	GlobalSection(ExtensibilityGlobals) = postSolution
		SolutionGuid = {89ED99EB-3B87-46CC-905D-5F9D744CE33C}
	EndGlobalSection
EndGlobal
